{
  "name": "toutiao",
  "version": "1.0.0",
  "lockfileVersion": 2,
  "requires": true,
  "packages": {
    "": {
      "name": "toutiao",
      "version": "1.0.0",
      "license": "ISC",
      "dependencies": {
        "@vant/weapp": "^1.10.9",
        "mobx-miniprogram": "^4.13.2",
        "mobx-miniprogram-bindings": "^2.1.5",
        "wechat-http": "^0.0.5"
      }
    },
    "node_modules/@types/wechat-miniprogram": {
      "version": "3.4.1",
      "resolved": "https://registry.npmmirror.com/@types/wechat-miniprogram/-/wechat-miniprogram-3.4.1.tgz",
      "integrity": "sha512-szbuYR32VotxNQNQ4YyQ6Ob3ya0tLY0zpf/xvi6DF8Oqb+0Y+5CL5BpxS+4wBSJvlu3VfSXhjxZ0ze1a3l16Pw=="
    },
    "node_modules/@vant/weapp": {
      "version": "1.10.9",
      "resolved": "https://registry.npmmirror.com/@vant/weapp/-/weapp-1.10.9.tgz",
      "integrity": "sha512-hFJ48SCSvRgcwT/9TcxwNnNnWSpy2BpaBfwQwVdU6uwgFH+2OqGL435VQN7EDpIMH8YjHbiM84hueTyxAzIPqQ=="
    },
    "node_modules/mobx-miniprogram": {
      "version": "4.13.2",
      "resolved": "https://registry.npmmirror.com/mobx-miniprogram/-/mobx-miniprogram-4.13.2.tgz",
      "integrity": "sha512-C3HtkqHCLKp35N2gXA80yFD6PNfSqwioPFmnjTQpBLrEqYm1F6yiWZ57CW+8FqgmR306mw6ZfsM5q7hSTHw8BQ=="
    },
    "node_modules/mobx-miniprogram-bindings": {
      "version": "2.1.5",
      "resolved": "https://registry.npmmirror.com/mobx-miniprogram-bindings/-/mobx-miniprogram-bindings-2.1.5.tgz",
      "integrity": "sha512-2HuiQL5FPgoYJ8XIMdw5iD6XT61LtsujaGyizbN845iZcsLmrKZiF0dKd4jQTSuC/6rGozqqhcy0sDc7qcpjYQ==",
      "dependencies": {
        "@types/wechat-miniprogram": "^3.4.0"
      },
      "peerDependencies": {
        "mobx-miniprogram": "^4.0.0"
      }
    },
    "node_modules/wechat-http": {
      "version": "0.0.5",
      "resolved": "https://registry.npmmirror.com/wechat-http/-/wechat-http-0.0.5.tgz",
      "integrity": "sha512-hOjL1D3nWwoSzxoZ8769T5TRDxeNH6vk1exG2o3o2ej4dfWDXKcKjwHt6gkFn3DzU3RGdOgubeAwq4uM7Y+k/g=="
    }
  },
  "dependencies": {
    "@types/wechat-miniprogram": {
      "version": "3.4.1",
      "resolved": "https://registry.npmmirror.com/@types/wechat-miniprogram/-/wechat-miniprogram-3.4.1.tgz",
      "integrity": "sha512-szbuYR32VotxNQNQ4YyQ6Ob3ya0tLY0zpf/xvi6DF8Oqb+0Y+5CL5BpxS+4wBSJvlu3VfSXhjxZ0ze1a3l16Pw=="
    },
    "@vant/weapp": {
      "version": "1.10.9",
      "resolved": "https://registry.npmmirror.com/@vant/weapp/-/weapp-1.10.9.tgz",
      "integrity": "sha512-hFJ48SCSvRgcwT/9TcxwNnNnWSpy2BpaBfwQwVdU6uwgFH+2OqGL435VQN7EDpIMH8YjHbiM84hueTyxAzIPqQ=="
    },
    "mobx-miniprogram": {
      "version": "4.13.2",
      "resolved": "https://registry.npmmirror.com/mobx-miniprogram/-/mobx-miniprogram-4.13.2.tgz",
      "integrity": "sha512-C3HtkqHCLKp35N2gXA80yFD6PNfSqwioPFmnjTQpBLrEqYm1F6yiWZ57CW+8FqgmR306mw6ZfsM5q7hSTHw8BQ=="
    },
    "mobx-miniprogram-bindings": {
      "version": "2.1.5",
      "resolved": "https://registry.npmmirror.com/mobx-miniprogram-bindings/-/mobx-miniprogram-bindings-2.1.5.tgz",
      "integrity": "sha512-2HuiQL5FPgoYJ8XIMdw5iD6XT61LtsujaGyizbN845iZcsLmrKZiF0dKd4jQTSuC/6rGozqqhcy0sDc7qcpjYQ==",
      "requires": {
        "@types/wechat-miniprogram": "^3.4.0"
      }
    },
    "wechat-http": {
      "version": "0.0.5",
      "resolved": "https://registry.npmmirror.com/wechat-http/-/wechat-http-0.0.5.tgz",
      "integrity": "sha512-hOjL1D3nWwoSzxoZ8769T5TRDxeNH6vk1exG2o3o2ej4dfWDXKcKjwHt6gkFn3DzU3RGdOgubeAwq4uM7Y+k/g=="
    }
  }
}
